// !$*UTF8*$!
{
	archiveVersion = 1;
	classes = {
	};
	objectVersion = 50;
	objects = {

/* Begin PBXBuildFile section */
		869F1A792284954200B01136 /* AppDelegate.swift in Sources */ = {isa = PBXBuildFile; fileRef = 869F1A782284954200B01136 /* AppDelegate.swift */; };
		869F1A7B2284954200B01136 /* QuestionsVC.swift in Sources */ = {isa = PBXBuildFile; fileRef = 869F1A7A2284954200B01136 /* QuestionsVC.swift */; };
		869F1A7E2284954200B01136 /* Main.storyboard in Resources */ = {isa = PBXBuildFile; fileRef = 869F1A7C2284954200B01136 /* Main.storyboard */; };
		869F1A802284954400B01136 /* Assets.xcassets in Resources */ = {isa = PBXBuildFile; fileRef = 869F1A7F2284954400B01136 /* Assets.xcassets */; };
		869F1A832284954400B01136 /* LaunchScreen.storyboard in Resources */ = {isa = PBXBuildFile; fileRef = 869F1A812284954400B01136 /* LaunchScreen.storyboard */; };
		869F1A8B2284AFEC00B01136 /* AnswersVC.swift in Sources */ = {isa = PBXBuildFile; fileRef = 869F1A8A2284AFEC00B01136 /* AnswersVC.swift */; };
		869F1A8D2284B41A00B01136 /* NetworkRequest.swift in Sources */ = {isa = PBXBuildFile; fileRef = 869F1A8C2284B41A00B01136 /* NetworkRequest.swift */; };
		869F1A8F2284BEA200B01136 /* AnswerCell.swift in Sources */ = {isa = PBXBuildFile; fileRef = 869F1A8E2284BEA200B01136 /* AnswerCell.swift */; };
		869F1A912287D24500B01136 /* Model.swift in Sources */ = {isa = PBXBuildFile; fileRef = 869F1A902287D24500B01136 /* Model.swift */; };
		86F244E22287E8F60007D562 /* HTMLtoString.swift in Sources */ = {isa = PBXBuildFile; fileRef = 86F244E12287E8F60007D562 /* HTMLtoString.swift */; };
		86F244E52287F7360007D562 /* QuestionCell.swift in Sources */ = {isa = PBXBuildFile; fileRef = 86F244E42287F7360007D562 /* QuestionCell.swift */; };
/* End PBXBuildFile section */

/* Begin PBXFileReference section */
		869F1A752284954200B01136 /* BasicNetworkDemo.app */ = {isa = PBXFileReference; explicitFileType = wrapper.application; includeInIndex = 0; path = BasicNetworkDemo.app; sourceTree = BUILT_PRODUCTS_DIR; };
		869F1A782284954200B01136 /* AppDelegate.swift */ = {isa = PBXFileReference; lastKnownFileType = sourcecode.swift; path = AppDelegate.swift; sourceTree = "<group>"; };
		869F1A7A2284954200B01136 /* QuestionsVC.swift */ = {isa = PBXFileReference; lastKnownFileType = sourcecode.swift; path = QuestionsVC.swift; sourceTree = "<group>"; };
		869F1A7D2284954200B01136 /* Base */ = {isa = PBXFileReference; lastKnownFileType = file.storyboard; name = Base; path = Base.lproj/Main.storyboard; sourceTree = "<group>"; };
		869F1A7F2284954400B01136 /* Assets.xcassets */ = {isa = PBXFileReference; lastKnownFileType = folder.assetcatalog; path = Assets.xcassets; sourceTree = "<group>"; };
		869F1A822284954400B01136 /* Base */ = {isa = PBXFileReference; lastKnownFileType = file.storyboard; name = Base; path = Base.lproj/LaunchScreen.storyboard; sourceTree = "<group>"; };
		869F1A842284954400B01136 /* Info.plist */ = {isa = PBXFileReference; lastKnownFileType = text.plist.xml; path = Info.plist; sourceTree = "<group>"; };
		869F1A8A2284AFEC00B01136 /* AnswersVC.swift */ = {isa = PBXFileReference; lastKnownFileType = sourcecode.swift; path = AnswersVC.swift; sourceTree = "<group>"; };
		869F1A8C2284B41A00B01136 /* NetworkRequest.swift */ = {isa = PBXFileReference; lastKnownFileType = sourcecode.swift; path = NetworkRequest.swift; sourceTree = "<group>"; };
		869F1A8E2284BEA200B01136 /* AnswerCell.swift */ = {isa = PBXFileReference; lastKnownFileType = sourcecode.swift; path = AnswerCell.swift; sourceTree = "<group>"; };
		869F1A902287D24500B01136 /* Model.swift */ = {isa = PBXFileReference; lastKnownFileType = sourcecode.swift; path = Model.swift; sourceTree = "<group>"; };
		86F244E12287E8F60007D562 /* HTMLtoString.swift */ = {isa = PBXFileReference; lastKnownFileType = sourcecode.swift; path = HTMLtoString.swift; sourceTree = "<group>"; };
		86F244E42287F7360007D562 /* QuestionCell.swift */ = {isa = PBXFileReference; lastKnownFileType = sourcecode.swift; path = QuestionCell.swift; sourceTree = "<group>"; };
/* End PBXFileReference section */

/* Begin PBXFrameworksBuildPhase section */
		869F1A722284954200B01136 /* Frameworks */ = {
			isa = PBXFrameworksBuildPhase;
			buildActionMask = 2147483647;
			files = (
			);
			runOnlyForDeploymentPostprocessing = 0;
		};
/* End PBXFrameworksBuildPhase section */

/* Begin PBXGroup section */
		869F1A6C2284954200B01136 = {
			isa = PBXGroup;
			children = (
				869F1A772284954200B01136 /* BasicNetworkDemo */,
				869F1A762284954200B01136 /* Products */,
			);
			sourceTree = "<group>";
		};
		869F1A762284954200B01136 /* Products */ = {
			isa = PBXGroup;
			children = (
				869F1A752284954200B01136 /* BasicNetworkDemo.app */,
			);
			name = Products;
			sourceTree = "<group>";
		};
		869F1A772284954200B01136 /* BasicNetworkDemo */ = {
			isa = PBXGroup;
			children = (
				869F1A782284954200B01136 /* AppDelegate.swift */,
				86F244E32287E9760007D562 /* Helpers */,
				86F244DF2287DB3E0007D562 /* Network */,
				86F244DE2287D5CD0007D562 /* Models */,
				869F1A922287D55200B01136 /* Controllers */,
				86F244E02287E8D30007D562 /* Cells */,
				869F1A7C2284954200B01136 /* Main.storyboard */,
				869F1A7F2284954400B01136 /* Assets.xcassets */,
				869F1A812284954400B01136 /* LaunchScreen.storyboard */,
				869F1A842284954400B01136 /* Info.plist */,
			);
			path = BasicNetworkDemo;
			sourceTree = "<group>";
		};
		869F1A922287D55200B01136 /* Controllers */ = {
			isa = PBXGroup;
			children = (
				869F1A7A2284954200B01136 /* QuestionsVC.swift */,
				869F1A8A2284AFEC00B01136 /* AnswersVC.swift */,
			);
			path = Controllers;
			sourceTree = "<group>";
		};
		86F244DE2287D5CD0007D562 /* Models */ = {
			isa = PBXGroup;
			children = (
				869F1A902287D24500B01136 /* Model.swift */,
			);
			path = Models;
			sourceTree = "<group>";
		};
		86F244DF2287DB3E0007D562 /* Network */ = {
			isa = PBXGroup;
			children = (
				869F1A8C2284B41A00B01136 /* NetworkRequest.swift */,
			);
			path = Network;
			sourceTree = "<group>";
		};
		86F244E02287E8D30007D562 /* Cells */ = {
			isa = PBXGroup;
			children = (
				86F244E42287F7360007D562 /* QuestionCell.swift */,
				869F1A8E2284BEA200B01136 /* AnswerCell.swift */,
			);
			path = Cells;
			sourceTree = "<group>";
		};
		86F244E32287E9760007D562 /* Helpers */ = {
			isa = PBXGroup;
			children = (
				86F244E12287E8F60007D562 /* HTMLtoString.swift */,
			);
			path = Helpers;
			sourceTree = "<group>";
		};
/* End PBXGroup section */

/* Begin PBXNativeTarget section */
		869F1A742284954200B01136 /* BasicNetworkDemo */ = {
			isa = PBXNativeTarget;
			buildConfigurationList = 869F1A872284954400B01136 /* Build configuration list for PBXNativeTarget "BasicNetworkDemo" */;
			buildPhases = (
				869F1A712284954200B01136 /* Sources */,
				869F1A722284954200B01136 /* Frameworks */,
				869F1A732284954200B01136 /* Resources */,
			);
			buildRules = (
			);
			dependencies = (
			);
			name = BasicNetworkDemo;
			productName = "TrueOverflow-JerryWang";
			productReference = 869F1A752284954200B01136 /* BasicNetworkDemo.app */;
			productType = "com.apple.product-type.application";
		};
/* End PBXNativeTarget section */

/* Begin PBXProject section */
		869F1A6D2284954200B01136 /* Project object */ = {
			isa = PBXProject;
			attributes = {
				LastSwiftUpdateCheck = 1020;
				LastUpgradeCheck = 1020;
				ORGANIZATIONNAME = "Jerry Wang";
				TargetAttributes = {
					869F1A742284954200B01136 = {
						CreatedOnToolsVersion = 10.2.1;
					};
				};
			};
			buildConfigurationList = 869F1A702284954200B01136 /* Build configuration list for PBXProject "BasicNetworkDemo" */;
			compatibilityVersion = "Xcode 9.3";
			developmentRegion = en;
			hasScannedForEncodings = 0;
			knownRegions = (
				en,
				Base,
			);
			mainGroup = 869F1A6C2284954200B01136;
			productRefGroup = 869F1A762284954200B01136 /* Products */;
			projectDirPath = "";
			projectRoot = "";
			targets = (
				869F1A742284954200B01136 /* BasicNetworkDemo */,
			);
		};
/* End PBXProject section */

/* Begin PBXResourcesBuildPhase section */
		869F1A732284954200B01136 /* Resources */ = {
			isa = PBXResourcesBuildPhase;
			buildActionMask = 2147483647;
			files = (
				869F1A832284954400B01136 /* LaunchScreen.storyboard in Resources */,
				869F1A802284954400B01136 /* Assets.xcassets in Resources */,
				869F1A7E2284954200B01136 /* Main.storyboard in Resources */,
			);
			runOnlyForDeploymentPostprocessing = 0;
		};
/* End PBXResourcesBuildPhase section */

/* Begin PBXSourcesBuildPhase section */
		869F1A712284954200B01136 /* Sources */ = {
			isa = PBXSourcesBuildPhase;
			buildActionMask = 2147483647;
			files = (
				869F1A8B2284AFEC00B01136 /* AnswersVC.swift in Sources */,
				86F244E52287F7360007D562 /* QuestionCell.swift in Sources */,
				869F1A8D2284B41A00B01136 /* NetworkRequest.swift in Sources */,
				869F1A7B2284954200B01136 /* QuestionsVC.swift in Sources */,
				869F1A912287D24500B01136 /* Model.swift in Sources */,
				869F1A792284954200B01136 /* AppDelegate.swift in Sources */,
				869F1A8F2284BEA200B01136 /* AnswerCell.swift in Sources */,
				86F244E22287E8F60007D562 /* HTMLtoString.swift in Sources */,
			);
			runOnlyForDeploymentPostprocessing = 0;
		};
/* End PBXSourcesBuildPhase section */

/* Begin PBXVariantGroup section */
		869F1A7C2284954200B01136 /* Main.storyboard */ = {
			isa = PBXVariantGroup;
			children = (
				869F1A7D2284954200B01136 /* Base */,
			);
			name = Main.storyboard;
			sourceTree = "<group>";
		};
		869F1A812284954400B01136 /* LaunchScreen.storyboard */ = {
			isa = PBXVariantGroup;
			children = (
				869F1A822284954400B01136 /* Base */,
			);
			name = LaunchScreen.storyboard;
			sourceTree = "<group>";
		};
/* End PBXVariantGroup section */

/* Begin XCBuildConfiguration section */
		869F1A852284954400B01136 /* Debug */ = {
			isa = XCBuildConfiguration;
			buildSettings = {
				ALWAYS_SEARCH_USER_PATHS = NO;
				CLANG_ANALYZER_NONNULL = YES;
				CLANG_ANALYZER_NUMBER_OBJECT_CONVERSION = YES_AGGRESSIVE;
				CLANG_CXX_LANGUAGE_STANDARD = "gnu++14";
				CLANG_CXX_LIBRARY = "libc++";
				CLANG_ENABLE_MODULES = YES;
				CLANG_ENABLE_OBJC_ARC = YES;
				CLANG_ENABLE_OBJC_WEAK = YES;
				CLANG_WARN_BLOCK_CAPTURE_AUTORELEASING = YES;
				CLANG_WARN_BOOL_CONVERSION = YES;
				CLANG_WARN_COMMA = YES;
				CLANG_WARN_CONSTANT_CONVERSION = YES;
				CLANG_WARN_DEPRECATED_OBJC_IMPLEMENTATIONS = YES;
				CLANG_WARN_DIRECT_OBJC_ISA_USAGE = YES_ERROR;
				CLANG_WARN_DOCUMENTATION_COMMENTS = YES;
				CLANG_WARN_EMPTY_BODY = YES;
				CLANG_WARN_ENUM_CONVERSION = YES;
				CLANG_WARN_INFINITE_RECURSION = YES;
				CLANG_WARN_INT_CONVERSION = YES;
				CLANG_WARN_NON_LITERAL_NULL_CONVERSION = YES;
				CLANG_WARN_OBJC_IMPLICIT_RETAIN_SELF = YES;
				CLANG_WARN_OBJC_LITERAL_CONVERSION = YES;
				CLANG_WARN_OBJC_ROOT_CLASS = YES_ERROR;
				CLANG_WARN_RANGE_LOOP_ANALYSIS = YES;
				CLANG_WARN_STRICT_PROTOTYPES = YES;
				CLANG_WARN_SUSPICIOUS_MOVE = YES;
				CLANG_WARN_UNGUARDED_AVAILABILITY = YES_AGGRESSIVE;
				CLANG_WARN_UNREACHABLE_CODE = YES;
				CLANG_WARN__DUPLICATE_METHOD_MATCH = YES;
				CODE_SIGN_IDENTITY = "iPhone Developer";
				COPY_PHASE_STRIP = NO;
				DEBUG_INFORMATION_FORMAT = dwarf;
				ENABLE_STRICT_OBJC_MSGSEND = YES;
				ENABLE_TESTABILITY = YES;
				GCC_C_LANGUAGE_STANDARD = gnu11;
				GCC_DYNAMIC_NO_PIC = NO;
				GCC_NO_COMMON_BLOCKS = YES;
				GCC_OPTIMIZATION_LEVEL = 0;
				GCC_PREPROCESSOR_DEFINITIONS = (
					"DEBUG=1",
					"$(inherited)",
				);
				GCC_WARN_64_TO_32_BIT_CONVERSION = YES;
				GCC_WARN_ABOUT_RETURN_TYPE = YES_ERROR;
				GCC_WARN_UNDECLARED_SELECTOR = YES;
				GCC_WARN_UNINITIALIZED_AUTOS = YES_AGGRESSIVE;
				GCC_WARN_UNUSED_FUNCTION = YES;
				GCC_WARN_UNUSED_VARIABLE = YES;
				IPHONEOS_DEPLOYMENT_TARGET = 12.2;
				MTL_ENABLE_DEBUG_INFO = INCLUDE_SOURCE;
				MTL_FAST_MATH = YES;
				ONLY_ACTIVE_ARCH = YES;
				SDKROOT = iphoneos;
				SWIFT_ACTIVE_COMPILATION_CONDITIONS = DEBUG;
				SWIFT_OPTIMIZATION_LEVEL = "-Onone";
			};
			name = Debug;
		};
		869F1A862284954400B01136 /* Release */ = {
			isa = XCBuildConfiguration;
			buildSettings = {
				ALWAYS_SEARCH_USER_PATHS = NO;
				CLANG_ANALYZER_NONNULL = YES;
				CLANG_ANALYZER_NUMBER_OBJECT_CONVERSION = YES_AGGRESSIVE;
				CLANG_CXX_LANGUAGE_STANDARD = "gnu++14";
				CLANG_CXX_LIBRARY = "libc++";
				CLANG_ENABLE_MODULES = YES;
				CLANG_ENABLE_OBJC_ARC = YES;
				CLANG_ENABLE_OBJC_WEAK = YES;
				CLANG_WARN_BLOCK_CAPTURE_AUTORELEASING = YES;
				CLANG_WARN_BOOL_CONVERSION = YES;
				CLANG_WARN_COMMA = YES;
				CLANG_WARN_CONSTANT_CONVERSION = YES;
				CLANG_WARN_DEPRECATED_OBJC_IMPLEMENTATIONS = YES;
				CLANG_WARN_DIRECT_OBJC_ISA_USAGE = YES_ERROR;
				CLANG_WARN_DOCUMENTATION_COMMENTS = YES;
				CLANG_WARN_EMPTY_BODY = YES;
				CLANG_WARN_ENUM_CONVERSION = YES;
				CLANG_WARN_INFINITE_RECURSION = YES;
				CLANG_WARN_INT_CONVERSION = YES;
				CLANG_WARN_NON_LITERAL_NULL_CONVERSION = YES;
				CLANG_WARN_OBJC_IMPLICIT_RETAIN_SELF = YES;
				CLANG_WARN_OBJC_LITERAL_CONVERSION = YES;
				CLANG_WARN_OBJC_ROOT_CLASS = YES_ERROR;
				CLANG_WARN_RANGE_LOOP_ANALYSIS = YES;
				CLANG_WARN_STRICT_PROTOTYPES = YES;
				CLANG_WARN_SUSPICIOUS_MOVE = YES;
				CLANG_WARN_UNGUARDED_AVAILABILITY = YES_AGGRESSIVE;
				CLANG_WARN_UNREACHABLE_CODE = YES;
				CLANG_WARN__DUPLICATE_METHOD_MATCH = YES;
				CODE_SIGN_IDENTITY = "iPhone Developer";
				COPY_PHASE_STRIP = NO;
				DEBUG_INFORMATION_FORMAT = "dwarf-with-dsym";
				ENABLE_NS_ASSERTIONS = NO;
				ENABLE_STRICT_OBJC_MSGSEND = YES;
				GCC_C_LANGUAGE_STANDARD = gnu11;
				GCC_NO_COMMON_BLOCKS = YES;
				GCC_WARN_64_TO_32_BIT_CONVERSION = YES;
				GCC_WARN_ABOUT_RETURN_TYPE = YES_ERROR;
				GCC_WARN_UNDECLARED_SELECTOR = YES;
				GCC_WARN_UNINITIALIZED_AUTOS = YES_AGGRESSIVE;
				GCC_WARN_UNUSED_FUNCTION = YES;
				GCC_WARN_UNUSED_VARIABLE = YES;
				IPHONEOS_DEPLOYMENT_TARGET = 12.2;
				MTL_ENABLE_DEBUG_INFO = NO;
				MTL_FAST_MATH = YES;
				SDKROOT = iphoneos;
				SWIFT_COMPILATION_MODE = wholemodule;
				SWIFT_OPTIMIZATION_LEVEL = "-O";
				VALIDATE_PRODUCT = YES;
			};
			name = Release;
		};
		869F1A882284954400B01136 /* Debug */ = {
			isa = XCBuildConfiguration;
			buildSettings = {
				ASSETCATALOG_COMPILER_APPICON_NAME = AppIcon;
				CODE_SIGN_STYLE = Automatic;
				DEVELOPMENT_TEAM = A5P538JUR3;
				INFOPLIST_FILE = BasicNetworkDemo/Info.plist;
				IPHONEOS_DEPLOYMENT_TARGET = 12.2;
				LD_RUNPATH_SEARCH_PATHS = (
					"$(inherited)",
					"@executable_path/Frameworks",
				);
				PRODUCT_BUNDLE_IDENTIFIER = jerrywang.BasicNetworkDemo;
				PRODUCT_NAME = "$(TARGET_NAME)";
				SWIFT_VERSION = 5.0;
				TARGETED_DEVICE_FAMILY = "1,2";
			};
			name = Debug;
		};
		869F1A892284954400B01136 /* Release */ = {
			isa = XCBuildConfiguration;
			buildSettings = {
				ASSETCATALOG_COMPILER_APPICON_NAME = AppIcon;
				CODE_SIGN_STYLE = Automatic;
				DEVELOPMENT_TEAM = A5P538JUR3;
				INFOPLIST_FILE = BasicNetworkDemo/Info.plist;
				IPHONEOS_DEPLOYMENT_TARGET = 12.2;
				LD_RUNPATH_SEARCH_PATHS = (
					"$(inherited)",
					"@executable_path/Frameworks",
				);
				PRODUCT_BUNDLE_IDENTIFIER = jerrywang.BasicNetworkDemo;
				PRODUCT_NAME = "$(TARGET_NAME)";
				SWIFT_VERSION = 5.0;
				TARGETED_DEVICE_FAMILY = "1,2";
			};
			name = Release;
		};
/* End XCBuildConfiguration section */

/* Begin XCConfigurationList section */
		869F1A702284954200B01136 /* Build configuration list for PBXProject "BasicNetworkDemo" */ = {
			isa = XCConfigurationList;
			buildConfigurations = (
				869F1A852284954400B01136 /* Debug */,
				869F1A862284954400B01136 /* Release */,
			);
			defaultConfigurationIsVisible = 0;
			defaultConfigurationName = Release;
		};
		869F1A872284954400B01136 /* Build configuration list for PBXNativeTarget "BasicNetworkDemo" */ = {
			isa = XCConfigurationList;
			buildConfigurations = (
				869F1A882284954400B01136 /* Debug */,
				869F1A892284954400B01136 /* Release */,
			);
			defaultConfigurationIsVisible = 0;
			defaultConfigurationName = Release;
		};
/* End XCConfigurationList section */
	};
	rootObject = 869F1A6D2284954200B01136 /* Project object */;
}
